
Microsoft Visual Studio Solution File, Format Version 12.00
# Visual Studio Version 17
VisualStudioVersion = 17.1.32421.90
MinimumVisualStudioVersion = 10.0.40219.1
Project("{FAE04EC0-301F-11D3-BF4B-00C04F79EFBC}") = "ThemeManagerStudy", "ThemeManagerStudy\ThemeManagerStudy.csproj", "{F044842D-B5F7-4B2F-90AD-A10B773951C2}"
EndProject
Global
	GlobalSection(SolutionConfigurationPlatforms) = preSolution
		Debug|Any CPU = Debug|Any CPU
		Release|Any CPU = Release|Any CPU
	EndGlobalSection
	GlobalSection(ProjectConfigurationPlatforms) = postSolution
		{F044842D-B5F7-4B2F-90AD-A10B773951C2}.Debug|Any CPU.ActiveCfg = Debug|Any CPU
		{F044842D-B5F7-4B2F-90AD-A10B773951C2}.Debug|Any CPU.Build.0 = Debug|Any CPU
		{F044842D-B5F7-4B2F-90AD-A10B773951C2}.Release|Any CPU.ActiveCfg = Release|Any CPU
		{F044842D-B5F7-4B2F-90AD-A10B773951C2}.Release|Any CPU.Build.0 = Release|Any CPU
	EndGlobalSection
	GlobalSection(SolutionProperties) = preSolution
		HideSolutionNode = FALSE
	EndGlobalSection
	GlobalSection(ExtensibilityGlobals) = postSolution
		SolutionGuid = {D926CFF3-59C9-4E18-BD1E-129982EFC145}
	EndGlobalSection
EndGlobal
