
Microsoft Visual Studio Solution File, Format Version 12.00
# Visual Studio Version 17
VisualStudioVersion = 17.0.32014.148
MinimumVisualStudioVersion = 10.0.40219.1
Project("{9A19103F-16F7-4668-BE54-9A1E7A4F7556}") = "ThemePackStudy", "ThemePackStudy\ThemePackStudy.csproj", "{C8258959-07EE-47C5-9D02-C464C54FF278}"
EndProject
Project("{9A19103F-16F7-4668-BE54-9A1E7A4F7556}") = "DxR.ThemePack", "DxR.ThemePack\DxR.ThemePack.csproj", "{F55C22BA-099D-4557-B2AA-166DF33EF0DF}"
EndProject
Global
	GlobalSection(SolutionConfigurationPlatforms) = preSolution
		Debug|Any CPU = Debug|Any CPU
		Release|Any CPU = Release|Any CPU
	EndGlobalSection
	GlobalSection(ProjectConfigurationPlatforms) = postSolution
		{C8258959-07EE-47C5-9D02-C464C54FF278}.Debug|Any CPU.ActiveCfg = Debug|Any CPU
		{C8258959-07EE-47C5-9D02-C464C54FF278}.Debug|Any CPU.Build.0 = Debug|Any CPU
		{C8258959-07EE-47C5-9D02-C464C54FF278}.Release|Any CPU.ActiveCfg = Release|Any CPU
		{C8258959-07EE-47C5-9D02-C464C54FF278}.Release|Any CPU.Build.0 = Release|Any CPU
		{F55C22BA-099D-4557-B2AA-166DF33EF0DF}.Debug|Any CPU.ActiveCfg = Debug|Any CPU
		{F55C22BA-099D-4557-B2AA-166DF33EF0DF}.Debug|Any CPU.Build.0 = Debug|Any CPU
		{F55C22BA-099D-4557-B2AA-166DF33EF0DF}.Release|Any CPU.ActiveCfg = Release|Any CPU
		{F55C22BA-099D-4557-B2AA-166DF33EF0DF}.Release|Any CPU.Build.0 = Release|Any CPU
	EndGlobalSection
	GlobalSection(SolutionProperties) = preSolution
		HideSolutionNode = FALSE
	EndGlobalSection
	GlobalSection(ExtensibilityGlobals) = postSolution
		SolutionGuid = {FC1BE665-A319-4C4B-A57F-AB940B2D863C}
	EndGlobalSection
EndGlobal
