
Microsoft Visual Studio Solution File, Format Version 12.00
# Visual Studio Version 16
VisualStudioVersion = 16.0.29326.143
MinimumVisualStudioVersion = 10.0.40219.1
Project("{FAE04EC0-301F-11D3-BF4B-00C04F79EFBC}") = "WithMaterialAndMah", "WithMaterialAndMah\WithMaterialAndMah.csproj", "{A945DAFA-F990-4982-A258-DD68E8060E4A}"
EndProject
Project("{FAE04EC0-301F-11D3-BF4B-00C04F79EFBC}") = "MyTheme", "MyTheme\MyTheme.csproj", "{6F71C608-9CC4-4867-97FD-D95F9658A7D5}"
EndProject
Project("{FAE04EC0-301F-11D3-BF4B-00C04F79EFBC}") = "MyTheme.Infragistics", "MyTheme.Infragistics\MyTheme.Infragistics.csproj", "{B9B84ED8-2D2B-4826-88E5-A50DB9866821}"
EndProject
Global
	GlobalSection(SolutionConfigurationPlatforms) = preSolution
		Debug|Any CPU = Debug|Any CPU
		Release|Any CPU = Release|Any CPU
	EndGlobalSection
	GlobalSection(ProjectConfigurationPlatforms) = postSolution
		{A945DAFA-F990-4982-A258-DD68E8060E4A}.Debug|Any CPU.ActiveCfg = Debug|Any CPU
		{A945DAFA-F990-4982-A258-DD68E8060E4A}.Debug|Any CPU.Build.0 = Debug|Any CPU
		{A945DAFA-F990-4982-A258-DD68E8060E4A}.Release|Any CPU.ActiveCfg = Release|Any CPU
		{A945DAFA-F990-4982-A258-DD68E8060E4A}.Release|Any CPU.Build.0 = Release|Any CPU
		{6F71C608-9CC4-4867-97FD-D95F9658A7D5}.Debug|Any CPU.ActiveCfg = Debug|Any CPU
		{6F71C608-9CC4-4867-97FD-D95F9658A7D5}.Debug|Any CPU.Build.0 = Debug|Any CPU
		{6F71C608-9CC4-4867-97FD-D95F9658A7D5}.Release|Any CPU.ActiveCfg = Release|Any CPU
		{6F71C608-9CC4-4867-97FD-D95F9658A7D5}.Release|Any CPU.Build.0 = Release|Any CPU
		{B9B84ED8-2D2B-4826-88E5-A50DB9866821}.Debug|Any CPU.ActiveCfg = Debug|Any CPU
		{B9B84ED8-2D2B-4826-88E5-A50DB9866821}.Debug|Any CPU.Build.0 = Debug|Any CPU
		{B9B84ED8-2D2B-4826-88E5-A50DB9866821}.Release|Any CPU.ActiveCfg = Release|Any CPU
		{B9B84ED8-2D2B-4826-88E5-A50DB9866821}.Release|Any CPU.Build.0 = Release|Any CPU
	EndGlobalSection
	GlobalSection(SolutionProperties) = preSolution
		HideSolutionNode = FALSE
	EndGlobalSection
	GlobalSection(ExtensibilityGlobals) = postSolution
		SolutionGuid = {6A17D54A-8641-4261-8DD4-539E8E83B9D7}
	EndGlobalSection
EndGlobal
